
Microsoft Visual Studio Solution File, Format Version 12.00
# Visual Studio 15
VisualStudioVersion = 15.0.26124.0
MinimumVisualStudioVersion = 15.0.26124.0
Project("{FAE04EC0-301F-11D3-BF4B-00C04F79EFBC}") = "Library", "Library\Library.csproj", "{7C4CE113-DB7F-4899-93C7-5BE2A72F69AC}"
EndProject
Project("{FAE04EC0-301F-11D3-BF4B-00C04F79EFBC}") = "UnitTest", "UnitTest\UnitTest.csproj", "{29AC6276-BEBD-42DE-B9DD-2842E3540C02}"
EndProject
Project("{2150E333-8FDC-42A3-9474-1A3956D46DE8}") = "Resources", "Resources", "{B79C2A60-AC19-4CAC-88E4-AEDAF0B9AB31}"
EndProject
Global
	GlobalSection(SolutionConfigurationPlatforms) = preSolution
		Debug|Any CPU = Debug|Any CPU
		Debug|x64 = Debug|x64
		Debug|x86 = Debug|x86
		Release|Any CPU = Release|Any CPU
		Release|x64 = Release|x64
		Release|x86 = Release|x86
	EndGlobalSection
	GlobalSection(SolutionProperties) = preSolution
		HideSolutionNode = FALSE
	EndGlobalSection
	GlobalSection(ProjectConfigurationPlatforms) = postSolution
		{7C4CE113-DB7F-4899-93C7-5BE2A72F69AC}.Debug|Any CPU.ActiveCfg = Debug|Any CPU
		{7C4CE113-DB7F-4899-93C7-5BE2A72F69AC}.Debug|Any CPU.Build.0 = Debug|Any CPU
		{7C4CE113-DB7F-4899-93C7-5BE2A72F69AC}.Debug|x64.ActiveCfg = Debug|Any CPU
		{7C4CE113-DB7F-4899-93C7-5BE2A72F69AC}.Debug|x64.Build.0 = Debug|Any CPU
		{7C4CE113-DB7F-4899-93C7-5BE2A72F69AC}.Debug|x86.ActiveCfg = Debug|Any CPU
		{7C4CE113-DB7F-4899-93C7-5BE2A72F69AC}.Debug|x86.Build.0 = Debug|Any CPU
		{7C4CE113-DB7F-4899-93C7-5BE2A72F69AC}.Release|Any CPU.ActiveCfg = Release|Any CPU
		{7C4CE113-DB7F-4899-93C7-5BE2A72F69AC}.Release|Any CPU.Build.0 = Release|Any CPU
		{7C4CE113-DB7F-4899-93C7-5BE2A72F69AC}.Release|x64.ActiveCfg = Release|Any CPU
		{7C4CE113-DB7F-4899-93C7-5BE2A72F69AC}.Release|x64.Build.0 = Release|Any CPU
		{7C4CE113-DB7F-4899-93C7-5BE2A72F69AC}.Release|x86.ActiveCfg = Release|Any CPU
		{7C4CE113-DB7F-4899-93C7-5BE2A72F69AC}.Release|x86.Build.0 = Release|Any CPU
		{29AC6276-BEBD-42DE-B9DD-2842E3540C02}.Debug|Any CPU.ActiveCfg = Debug|Any CPU
		{29AC6276-BEBD-42DE-B9DD-2842E3540C02}.Debug|Any CPU.Build.0 = Debug|Any CPU
		{29AC6276-BEBD-42DE-B9DD-2842E3540C02}.Debug|x64.ActiveCfg = Debug|Any CPU
		{29AC6276-BEBD-42DE-B9DD-2842E3540C02}.Debug|x64.Build.0 = Debug|Any CPU
		{29AC6276-BEBD-42DE-B9DD-2842E3540C02}.Debug|x86.ActiveCfg = Debug|Any CPU
		{29AC6276-BEBD-42DE-B9DD-2842E3540C02}.Debug|x86.Build.0 = Debug|Any CPU
		{29AC6276-BEBD-42DE-B9DD-2842E3540C02}.Release|Any CPU.ActiveCfg = Release|Any CPU
		{29AC6276-BEBD-42DE-B9DD-2842E3540C02}.Release|Any CPU.Build.0 = Release|Any CPU
		{29AC6276-BEBD-42DE-B9DD-2842E3540C02}.Release|x64.ActiveCfg = Release|Any CPU
		{29AC6276-BEBD-42DE-B9DD-2842E3540C02}.Release|x64.Build.0 = Release|Any CPU
		{29AC6276-BEBD-42DE-B9DD-2842E3540C02}.Release|x86.ActiveCfg = Release|Any CPU
		{29AC6276-BEBD-42DE-B9DD-2842E3540C02}.Release|x86.Build.0 = Release|Any CPU
	EndGlobalSection
EndGlobal
